{
  "requires": true,
  "lockfileVersion": 1,
  "dependencies": {
    "now": {
      "version": "16.4.4",
      "resolved": "https://registry.npmjs.org/now/-/now-16.4.4.tgz",
      "integrity": "sha512-yw4/DWcnyZ7nGv00bzZJhFOM6vFWur52esXiA2xi2Xcv/LSqVSzQ8Z7KdtfZCs0oH14+qcxDNZU+qbr5r+OXJg=="
    }
  }
}
